# THIS IS AN AUTOGENERATED FILE. DO NOT EDIT THIS FILE DIRECTLY.
# yarn lockfile v1


"@defi-wonderland/crypto-husky-checks@0.0.0-29a10090":
  version "0.0.0-29a10090"
  resolved "https://registry.yarnpkg.com/@defi-wonderland/crypto-husky-checks/-/crypto-husky-checks-0.0.0-29a10090.tgz#367f3b1b194a8b80e1f52b97bf2a99932cab8603"
  integrity sha512-IZP/zTO1cN9Xcg1p0LPmWMg6A7rmTx0iLc2s3isrl7LUzUHypnoEx9jp2g6GnuSBypctkp3bDaGDTsT2Qvc7Lg==

husky@8.0.2:
  version "8.0.2"
  resolved "https://registry.yarnpkg.com/husky/-/husky-8.0.2.tgz#5816a60db02650f1f22c8b69b928fd6bcd77a236"
  integrity sha512-Tkv80jtvbnkK3mYWxPZePGFpQ/tT3HNSs/sasF9P2YfkMezDl3ON37YN6jUUI4eTg5LcyVynlb6r4eyvOmspvg==
